lockVersion: 2.0.0
id: 5232e5cd-b654-4166-a8cb-d2edea82ff84
management:
  docChecksum: cad04b2e67d3ceda1459e6eca22828ff
  docVersion: v1
  speakeasyVersion: 1.763.6
  generationVersion: 2.884.13
  releaseVersion: 0.0.3
  configChecksum: 871b315c919b69e77db945265812ba42
features:
  cli:
    constsAndDefaults: 0.0.0
    core: 0.2.10
    globalSecurity: 0.0.1
    globalServerURLs: 0.0.0
    responseFormat: 0.1.1
    unions: 0.0.1
trackedFiles:
  .gitattributes:
    last_write_checksum: sha1:84b0115789fc3ea52e31df701d8a27f76077e29f
  .github/workflows/release.yaml:
    last_write_checksum: sha1:ff4e1df729b880f7e346d013376669ee52735e11
  .goreleaser.yaml:
    last_write_checksum: sha1:6fa711a2d421383609753bee8b5254f1bde8cdcd
  USAGE.md:
    last_write_checksum: sha1:33985d33fdb8988416743ca03601629a49abe3db
  cmd/gendocs/main.go:
    last_write_checksum: sha1:6388f3bcc1ecfa55acfc6023858584213c03a314
  cmd/plaky115/main.go:
    last_write_checksum: sha1:44741b75d097d711657204e1762f8d92eaf02bc7
  go.mod:
    last_write_checksum: sha1:ab4961c8e284705aff8a9f911dfa6b5ea90e6205
  internal/cli/auth.go:
    last_write_checksum: sha1:940e563a1193c26348cb1577d8f07ff36e859880
  internal/cli/boards/getboardbyid.go:
    last_write_checksum: sha1:bdfd42e7cefe7758871ae94fa41c2de474467062
  internal/cli/boards/getboardsforspace.go:
    last_write_checksum: sha1:1fa9a7cdb59ecce2df1afb3d45af881349048c2d
  internal/cli/boards/root.go:
    last_write_checksum: sha1:7f0ecaedba9a232372df642de6e56b4cd552d68e
  internal/cli/configure.go:
    last_write_checksum: sha1:951e2f795f588fc49c9e7ca4bee2c2f10af23f59
  internal/cli/itemcommentreactions/root.go:
    last_write_checksum: sha1:aab43a7ec26a75a85baebecc67f035a94ac29afa
  internal/cli/itemcommentreactions/updateuserreactions.go:
    last_write_checksum: sha1:cb86f3322e1e189cabed6620ceac5435017d515d
  internal/cli/itemcomments/createitemcomment.go:
    last_write_checksum: sha1:3de2006b57727fe3e7fd8d326223246c4ab59497
  internal/cli/itemcomments/deleteitemcomment.go:
    last_write_checksum: sha1:a68555142a37acc8bab0d84a87a68bb2c2107753
  internal/cli/itemcomments/getcommentsforitem.go:
    last_write_checksum: sha1:ea89f3bddcc5727c89785ce719ed0b9b0e7303f0
  internal/cli/itemcomments/root.go:
    last_write_checksum: sha1:e8a95fc648cc630cb9c200773b758c2fa7fd3f62
  internal/cli/itemcomments/updateitemcomment.go:
    last_write_checksum: sha1:6ec8da487ee8e139c914b01dc81437929b06ed4a
  internal/cli/items/changeitemattributevalue.go:
    last_write_checksum: sha1:d587f88ec82b36977eabc7e2cf06693d9eb312a3
  internal/cli/items/changeitemattributevalues.go:
    last_write_checksum: sha1:9ebfd25a3bda303ea7d6cfa0b2b8b47c7feb7938
  internal/cli/items/createitem.go:
    last_write_checksum: sha1:9b427e923c1837361fe228c5051c6b1fb9f7b19b
  internal/cli/items/deleteitem.go:
    last_write_checksum: sha1:8990f25fb0973173326f8941d57bfa666991f659
  internal/cli/items/getitembyid.go:
    last_write_checksum: sha1:3ade8b1eb6c1156b516c5b4e1bd0e6a2307ec5f9
  internal/cli/items/getitemsforboardview.go:
    last_write_checksum: sha1:884f57eb6e198320707839f4eefc65c7378357a1
  internal/cli/items/getsubitemsforitem.go:
    last_write_checksum: sha1:aa67f25bd11f34c485988bd5cb4b1d7d8eb62abd
  internal/cli/items/root.go:
    last_write_checksum: sha1:a7bf23e6bdae061c454c189a1b5e3422f8d892cb
  internal/cli/masking.go:
    last_write_checksum: sha1:5a69fa055d628c1b8507cd123f3cd18309aa9a53
  internal/cli/root.go:
    last_write_checksum: sha1:ccc4cab1a4c94def9d3a2bfeb307caf3190be65c
  internal/cli/spaces/getspacebyid.go:
    last_write_checksum: sha1:9c42cdca903ff91efd2a29fb6037690c04f27abf
  internal/cli/spaces/getspaces.go:
    last_write_checksum: sha1:89fe2ba37b38093cfbb604382f9515b9e8c00f02
  internal/cli/spaces/root.go:
    last_write_checksum: sha1:88ad4c521396da39681a5b104bb3be5059c432d8
  internal/cli/teams/getteambyid.go:
    last_write_checksum: sha1:f319fc533cb1b6652dfcdd9ddb7d66adf234772c
  internal/cli/teams/getworkspaceteams.go:
    last_write_checksum: sha1:e8b33ec1aaa37a51fc1358cd71c2f525a0545cca
  internal/cli/teams/root.go:
    last_write_checksum: sha1:cc5b9cf62e703e396feb55728dfd507f0835ea9d
  internal/cli/users/getworkspaceuser.go:
    last_write_checksum: sha1:b59bd1482c96ca16e65e668c7e13849f7a37bd0a
  internal/cli/users/getworkspaceusers.go:
    last_write_checksum: sha1:b34f169911595f4a15ea713f7ca76199f88eef68
  internal/cli/users/root.go:
    last_write_checksum: sha1:626d2375682da410f8b7067d5613a1c0efbf9afe
  internal/cli/version.go:
    last_write_checksum: sha1:e6a15e7b939103d3a7419fc0e8771b32999b9d88
  internal/cli/whoami.go:
    last_write_checksum: sha1:8fdb6c615d2b4547cc3bd0615f540d3eb12f322c
  internal/client/client.go:
    last_write_checksum: sha1:3e552fdcf6d3851324da379b58776ed5ba4a9ac2
  internal/client/diagnostics.go:
    last_write_checksum: sha1:7c5b992f6aa8a24b6ec2c888647c4167adbc7747
  internal/config/config.go:
    last_write_checksum: sha1:6dd60befa9916b940fa7ade439f2e9c788acc352
  internal/config/keyring.go:
    last_write_checksum: sha1:26003ef4f52c8734520f8ab8950f3f56a61f16e8
  internal/explorer/explorer.go:
    last_write_checksum: sha1:fce74125eb90e8db82b77cc0f0c96d10bc30bfb9
  internal/explorer/styles.go:
    last_write_checksum: sha1:2828c2efe410bee01a8563e1cf7cc985d4d29ee8
  internal/explorer/tree.go:
    last_write_checksum: sha1:16dea1c4b16d808202bf0c6f819fb5fba285ade7
  internal/explorer/tui.go:
    last_write_checksum: sha1:6323b44c3089bf6cab45c7c7df1d862fea349b7c
  internal/flagutil/flags.go:
    last_write_checksum: sha1:d4a4640b46562ae38fb0d55ec14eee7a7bcc7601
  internal/flagutil/metadata.go:
    last_write_checksum: sha1:771d24c711dd6e1b1302714d1d790e2d18e4c5d1
  internal/interactive/interactive.go:
    last_write_checksum: sha1:361b52c8e36a08214fb56699977efcf8183d00d0
  internal/output/agentmode.go:
    last_write_checksum: sha1:e5a0cc0208d9fe3829291ec08ea86d07497d9b98
  internal/output/color.go:
    last_write_checksum: sha1:c618ec769569213c248114c0e42b07582fffefcc
  internal/output/jq.go:
    last_write_checksum: sha1:37f028aa252cf0ae8b4c90b49396bcddab05c900
  internal/output/output.go:
    last_write_checksum: sha1:81cb749a28b961506a27df0879002d94b0262a1f
  internal/output/pretty.go:
    last_write_checksum: sha1:3a40fae5d40a578667ba06448419d8f6c5549e20
  internal/sdk/.gitattributes:
    last_write_checksum: sha1:84b0115789fc3ea52e31df701d8a27f76077e29f
  internal/sdk/boards.go:
    last_write_checksum: sha1:2ae613352ab1adb39490f1b1fe77fdea9ac2c8ed
  internal/sdk/itemcommentreactions.go:
    last_write_checksum: sha1:1f455af323797711e00db4340cb49ce918b589ef
  internal/sdk/itemcomments.go:
    last_write_checksum: sha1:65f16009f65a1d10e5adc2593937ddf9dde1af2c
  internal/sdk/items.go:
    last_write_checksum: sha1:064f357822913c895de0b8d458aad9b2a2a355a6
  internal/sdk/models/components/boarddefaultvalues.go:
    last_write_checksum: sha1:05841611e77f1d869aa2c77d0ea55f242e8bbfc8
  internal/sdk/models/components/boardresponse.go:
    last_write_checksum: sha1:e06a8d5b10c4acf29b8db4dc0fe8beec1c3048f7
  internal/sdk/models/components/commentrequest.go:
    last_write_checksum: sha1:c262ff34d765ebcb3219f85de115e927d153278a
  internal/sdk/models/components/commentresponse.go:
    last_write_checksum: sha1:966d070c7c189e45258ff3e23759eb49c2a0dc3b
  internal/sdk/models/components/datetimeconfiguration.go:
    last_write_checksum: sha1:51c97a36603b48bc0cc9e99c42798e5e80518677
  internal/sdk/models/components/fieldvaluechangerequest.go:
    last_write_checksum: sha1:4ffc03e80a1b747d6ebbbdf8e2841c34be07b99e
  internal/sdk/models/components/folderresponse.go:
    last_write_checksum: sha1:f1a2c5c85cb7bcdeaf4ee4ee659a56e9e2f1a256
  internal/sdk/models/components/httpmetadata.go:
    last_write_checksum: sha1:01a20fcff33179809ff9920ee431c7adabbd98f1
  internal/sdk/models/components/itemattributedefinition.go:
    last_write_checksum: sha1:5cc2a67a62e5a44186c6f558ae1bf3ea82e50fbb
  internal/sdk/models/components/itemcreaterequest.go:
    last_write_checksum: sha1:6a346626faa08a2b388c5db49c679045f1f9c409
  internal/sdk/models/components/itemfieldresponse.go:
    last_write_checksum: sha1:a5990824c1bdba77180a5cb33740bb345e99d936
  internal/sdk/models/components/itemgroupresponse.go:
    last_write_checksum: sha1:269d726b5433d76acc278fdf45d75f607d9c2fef
  internal/sdk/models/components/itemresponse.go:
    last_write_checksum: sha1:2382658edb67b8cbcea467c133165973013e3493
  internal/sdk/models/components/numberconfiguration.go:
    last_write_checksum: sha1:5deab31dc12980e3f8eb3046eeca6abb279525d8
  internal/sdk/models/components/personconfiguration.go:
    last_write_checksum: sha1:e053331efadc9388b4155a6c584fa969e2f5047f
  internal/sdk/models/components/publicpagedresponsev1boardresponse.go:
    last_write_checksum: sha1:c8e2625a2bd12fc19f7851a16803018e4858695d
  internal/sdk/models/components/publicpagedresponsev1itemresponse.go:
    last_write_checksum: sha1:391c71de7e1fe45a79776f896411ec98a4f8d773
  internal/sdk/models/components/publicpagedresponsev1spaceresponse.go:
    last_write_checksum: sha1:e824e7da8a8891d0e9429c032309fc107e704473
  internal/sdk/models/components/publicpagedresponsev1teamresponse.go:
    last_write_checksum: sha1:fa7b99e1839276eebb6743d5336c8fcea6833902
  internal/sdk/models/components/publicpagedresponsev1userresponse.go:
    last_write_checksum: sha1:5f9f14aca39cba1bead0d7ec8ef48bab643605b0
  internal/sdk/models/components/reaction.go:
    last_write_checksum: sha1:0aab8260910d1c21a1919f7d7b95b2614419d2c5
  internal/sdk/models/components/reactiondetails.go:
    last_write_checksum: sha1:8a466b97406eda3710e681f079c876aebce40e05
  internal/sdk/models/components/reactionputrequest.go:
    last_write_checksum: sha1:a7089ceff4c70e97b94453ad5efaab295fb19d18
  internal/sdk/models/components/reactionputresponse.go:
    last_write_checksum: sha1:d428e5c2d448acad94e34da9a795e258f7dae209
  internal/sdk/models/components/reactionresponse.go:
    last_write_checksum: sha1:6b32e894833f6024b0b996c529dcc154f2da4ead
  internal/sdk/models/components/reactionresponsenocode.go:
    last_write_checksum: sha1:33b6f2691d9ed14071a62cc8475a93680d37fd49
  internal/sdk/models/components/security.go:
    last_write_checksum: sha1:a95411b210cb5abb1372e0c389ad56127ffc5c8a
  internal/sdk/models/components/shortuserresponse.go:
    last_write_checksum: sha1:eb9a6fa55102859696cb199e5330d8bab8651744
  internal/sdk/models/components/spaceresponse.go:
    last_write_checksum: sha1:450293aa40a92fa1d01f662ba30b25a55daf773c
  internal/sdk/models/components/statusconfiguration.go:
    last_write_checksum: sha1:4928ff728db5079a4304786681ed334825705d23
  internal/sdk/models/components/statuslabeldefinition.go:
    last_write_checksum: sha1:94f35688a0a3bed7fcc40529f76d0461b526b74f
  internal/sdk/models/components/tagconfiguration.go:
    last_write_checksum: sha1:7216a94c7cdada3be394570b264d34894cc8d2fb
  internal/sdk/models/components/taglabeldefinition.go:
    last_write_checksum: sha1:084214a84accf616ff354c3d28ac444045c92496
  internal/sdk/models/components/teamresponse.go:
    last_write_checksum: sha1:25de666f1ff5952c312e5c9928cbd08571b33fb1
  internal/sdk/models/components/teamshortresponse.go:
    last_write_checksum: sha1:f1ed2b7039569353f09a8458d5ccbbd88bd28fd7
  internal/sdk/models/components/timelineconfiguration.go:
    last_write_checksum: sha1:7bbce9cb7709e5e75241ac70a9efd77ece5e051c
  internal/sdk/models/components/userdetails.go:
    last_write_checksum: sha1:cf7875435f695310b71641a00143a450d3671c31
  internal/sdk/models/components/userresponse.go:
    last_write_checksum: sha1:a578a3a5df15bfb0cbfbac69a725d5109adacdfb
  internal/sdk/models/operations/changeitemattributevalue.go:
    last_write_checksum: sha1:2618cbd62ba5fbe106c053bfc26c0b00c86f84e4
  internal/sdk/models/operations/changeitemattributevalues.go:
    last_write_checksum: sha1:25a4deca6e45c52b9bb6d1cfea071169184f5bb6
  internal/sdk/models/operations/createitem.go:
    last_write_checksum: sha1:60f0fff6e5a8a07a5f95a7619ec32c4ceb54ac60
  internal/sdk/models/operations/createitemcomment.go:
    last_write_checksum: sha1:40e3addbce8a724ee1a839f1d724ab618f93e089
  internal/sdk/models/operations/deleteitem.go:
    last_write_checksum: sha1:70a35eecc05d13ce2181c47530968424ee29dc79
  internal/sdk/models/operations/deleteitemcomment.go:
    last_write_checksum: sha1:02d0a11ae5485ffc7838ed22f78254a604133cb6
  internal/sdk/models/operations/getboardbyid.go:
    last_write_checksum: sha1:071e3f45cc55041f513e24fde38cd21415d1af3c
  internal/sdk/models/operations/getboardsforspace.go:
    last_write_checksum: sha1:f45aa5555c130d005eec2e83aa020c0a92f2c917
  internal/sdk/models/operations/getcommentsforitem.go:
    last_write_checksum: sha1:cc32edc1ca540298554709603d1049fde87ba309
  internal/sdk/models/operations/getitembyid.go:
    last_write_checksum: sha1:847d64518d3f8101bd8bc4b726a641c634608ed7
  internal/sdk/models/operations/getitemsforboardview.go:
    last_write_checksum: sha1:787baeaac0098f3a2806f1b5ed2ac5b0139eca92
  internal/sdk/models/operations/getspacebyid.go:
    last_write_checksum: sha1:62d1114e9406b9b0113c1d456ed1a1af754c1fd9
  internal/sdk/models/operations/getspaces.go:
    last_write_checksum: sha1:daa339b6dca545d09b52d36243290fe98041e033
  internal/sdk/models/operations/getsubitemsforitem.go:
    last_write_checksum: sha1:8b0a8abfd9e2094f20ea4e102c206078977f2711
  internal/sdk/models/operations/getteambyid.go:
    last_write_checksum: sha1:147577361b0b0c01ef8a893e31a019ae249773dc
  internal/sdk/models/operations/getworkspaceteams.go:
    last_write_checksum: sha1:794547c06c50ba97bbf30c28988f816759529304
  internal/sdk/models/operations/getworkspaceuser.go:
    last_write_checksum: sha1:d9fd9032cb7564a5f396ccf842a0dc2e8ca25a2a
  internal/sdk/models/operations/getworkspaceusers.go:
    last_write_checksum: sha1:7c0bce320a67fd3b5c9a2c67ef2799f862e4ef31
  internal/sdk/models/operations/options.go:
    last_write_checksum: sha1:6181aa7479f816d2ae9b068d0372c9ba92bb9d97
  internal/sdk/models/operations/updateitemcomment.go:
    last_write_checksum: sha1:8b660c9c16d067de8737fa979bd2fd95811a1061
  internal/sdk/models/operations/updateuserreactions.go:
    last_write_checksum: sha1:7fe4d780ff39520524bb103fe467c0355e9119c6
  internal/sdk/models/sdkerrors/sdkdefaulterror.go:
    last_write_checksum: sha1:437b3a3eacb54d8648a68f80b3cd38fa5019f006
  internal/sdk/optionalnullable/optionalnullable.go:
    last_write_checksum: sha1:d6aff1a420c31e025ea21d46cf056e305ae76fe8
  internal/sdk/optionalnullable/optionalnullable_test.go:
    last_write_checksum: sha1:2e9433eff1651ac77d6678ea76880d9a4980cbc2
  internal/sdk/plaky115cli.go:
    last_write_checksum: sha1:14d8e889d91c9fb0b01246a15735b8e9eab2a038
  internal/sdk/retry/config.go:
    last_write_checksum: sha1:7f7d96b59a18e95bac847ae09c63bbd911ee8432
  internal/sdk/sdkinternal/config/sdkconfiguration.go:
    last_write_checksum: sha1:a02eace2043e637a68d91db02b138ec0321afe60
  internal/sdk/sdkinternal/hooks/hooks.go:
    last_write_checksum: sha1:88b13fad50558c42dd169dc1e5236dd2793e7c01
  internal/sdk/sdkinternal/utils/contenttype.go:
    last_write_checksum: sha1:ab5cfd860d02c6e6a37f89e2b5649a9859947fb1
  internal/sdk/sdkinternal/utils/env.go:
    last_write_checksum: sha1:1e0bcb2d2caed9f3657f1dbc99b55811bed0298c
  internal/sdk/sdkinternal/utils/form.go:
    last_write_checksum: sha1:7bdd89192d36a7ef76d23f0b5a4be35f221415e5
  internal/sdk/sdkinternal/utils/headers.go:
    last_write_checksum: sha1:bfb09dace5045fdc8c3cd711b88a01373eec5d7e
  internal/sdk/sdkinternal/utils/json.go:
    last_write_checksum: sha1:52caf1346bf479b4602ae45efefff695d4633280
  internal/sdk/sdkinternal/utils/pathparams.go:
    last_write_checksum: sha1:82ed0ab49bf48e41ae27cddd02e03259c3c5bd05
  internal/sdk/sdkinternal/utils/queryparams.go:
    last_write_checksum: sha1:dc693368787860c47cd18e9bb63cbd88deddb4d2
  internal/sdk/sdkinternal/utils/requestbody.go:
    last_write_checksum: sha1:0c43e1b78f113c89425f830b67559675c1fdd859
  internal/sdk/sdkinternal/utils/retries.go:
    last_write_checksum: sha1:a37c92ba2f748b39cd8d5bf816a283a7e5f7f8df
  internal/sdk/sdkinternal/utils/security.go:
    last_write_checksum: sha1:49fee4e9252239953611e6de36f4682851499ab5
  internal/sdk/sdkinternal/utils/union.go:
    last_write_checksum: sha1:5aa502f1d4e166f8160d831c0b51fd0c58d2f74e
  internal/sdk/sdkinternal/utils/union_test.go:
    last_write_checksum: sha1:bd5c7506e1d6238117c1ac4e340314a5a41401b5
  internal/sdk/sdkinternal/utils/utils.go:
    last_write_checksum: sha1:c03378176a107205b8938606faef3fd8fb8f91a0
  internal/sdk/spaces.go:
    last_write_checksum: sha1:03594cfadddb61903a88550782a79b8d4c31a864
  internal/sdk/teams.go:
    last_write_checksum: sha1:f4140d8078ba640d7b4ae340847460c4cdfd929a
  internal/sdk/types/bigint.go:
    last_write_checksum: sha1:49b004005d0461fb04b846eca062b070b0360b31
  internal/sdk/types/date.go:
    last_write_checksum: sha1:3036a2e1ed15a1d484c093367eba000c38f384d0
  internal/sdk/types/datetime.go:
    last_write_checksum: sha1:196d050af6450669214e9ae4fd28e56263ae2b5d
  internal/sdk/types/pointers.go:
    last_write_checksum: sha1:fc2275ea006257ba9ba4ff6f2a2cdb6205371eef
  internal/sdk/users.go:
    last_write_checksum: sha1:8ba6c9f1fe3e1205f53614111507cc5812085250
  internal/testclient/testclient.go:
    last_write_checksum: sha1:7107e59d336235c44af152c5a61ee3896a7841fa
  internal/usage/schema.go:
    last_write_checksum: sha1:b15bd22cc268c467d5754882d131c73ec6e4d9ea
  scripts/install.ps1:
    last_write_checksum: sha1:e7f6bb3539e22639dc698a2512f4424042b533dd
  scripts/install.sh:
    last_write_checksum: sha1:1bf1ca80c721e0b1f223746e7c82c8a1a87a3543
examples:
  getSpaces:
    speakeasy-default-get-spaces:
      parameters:
        query:
          expand: ["board"]
          page: 1
          pageSize: 50
      responses:
        "200":
          application/json: {"data": [{"boards": [{"defaultValues": {"defaultAttributes": {"status-1": "1", "tag-1": ["1", "2"]}}}]}]}
  getSpaceById:
    speakeasy-default-get-space-by-id:
      parameters:
        path:
          spaceId: 1
        query:
          expand: ["board"]
      responses:
        "200":
          application/json: {"boards": [{"defaultValues": {"defaultAttributes": {"status-1": "1", "tag-1": ["1", "2"]}}}]}
  getWorkspaceTeams:
    speakeasy-default-get-workspace-teams:
      parameters:
        query:
          page: 1
          pageSize: 50
      responses:
        "200":
          application/json: {}
  getTeamById:
    speakeasy-default-get-team-by-id:
      parameters:
        path:
          teamId: 1
      responses:
        "200":
          application/json: {}
  getWorkspaceUsers:
    speakeasy-default-get-workspace-users:
      parameters:
        query:
          page: 1
          pageSize: 50
      responses:
        "200":
          application/json: {}
  getWorkspaceUser:
    speakeasy-default-get-workspace-user:
      responses:
        "200":
          application/json: {}
  getBoardsForSpace:
    speakeasy-default-get-boards-for-space:
      parameters:
        path:
          spaceId: 1
        query:
          page: 1
          pageSize: 50
      responses:
        "200":
          application/json: {"data": [{"defaultValues": {"defaultAttributes": {"status-1": "1", "tag-1": ["1", "2"]}}}]}
  getBoardById:
    speakeasy-default-get-board-by-id:
      parameters:
        path:
          spaceId: 1
          boardId: 1
      responses:
        "200":
          application/json: {"defaultValues": {"defaultAttributes": {"status-1": "1", "tag-1": ["1", "2"]}}}
  getItemsForBoardView:
    speakeasy-default-get-items-for-board-view:
      parameters:
        path:
          spaceId: 758421
          boardId: 496001
        query:
          subitemsBehaviour: "INCLUDE"
          page: 1
          pageSize: 50
          expand: ["board"]
      responses:
        "200":
          application/json: {"data": [{"board": {"defaultValues": {"defaultAttributes": {"status-1": "1", "tag-1": ["1", "2"]}}}, "space": 490335, "parent": 485109, "fields": [{"key": "status-1"}], "subitems": [{"board": {"defaultValues": {"defaultAttributes": {"status-1": "1", "tag-1": ["1", "2"]}}}, "space": {"boards": [{"defaultValues": {"defaultAttributes": {"status-1": "1", "tag-1": ["1", "2"]}}}]}, "parent": {"board": {"defaultValues": {"defaultAttributes": {"status-1": "1", "tag-1": ["1", "2"]}}}, "space": {"boards": [{"defaultValues": {"defaultAttributes": {"status-1": "1", "tag-1": ["1", "2"]}}}]}, "parent": 444946, "fields": [{"key": "status-1"}]}, "fields": [{"key": "status-1"}]}]}]}
  createItem:
    speakeasy-default-create-item:
      parameters:
        path:
          spaceId: 1
          boardId: 1
      requestBody:
        application/json: {"title": "My New Item", "parentId": 1, "groupId": 1, "groupTitle": "Backlog", "fields": {"Status": "To do", "number-1": 50, "Description": "Test description"}}
      responses:
        "201":
          application/json: {"board": 45972, "space": {"boards": [{"defaultValues": {"defaultAttributes": {"status-1": "1", "tag-1": ["1", "2"]}}}]}, "parent": 513384, "fields": [{"key": "status-1"}], "subitems": [{"board": 663201, "space": {"boards": [{"defaultValues": {"defaultAttributes": {"status-1": "1", "tag-1": ["1", "2"]}}}]}, "parent": {"board": 357257, "space": {"boards": [{"defaultValues": {"defaultAttributes": {"status-1": "1", "tag-1": ["1", "2"]}}}]}, "parent": {"board": {"defaultValues": {"defaultAttributes": {"status-1": "1", "tag-1": ["1", "2"]}}}, "space": 761961, "fields": [{"key": "status-1"}]}, "fields": [{"key": "status-1"}]}, "fields": [{"key": "status-1"}]}]}
  getSubitemsForItem:
    speakeasy-default-get-subitems-for-item:
      parameters:
        path:
          spaceId: 1
          boardId: 1
          itemId: 1
        query:
          page: 1
          pageSize: 50
          expand: ["group"]
      responses:
        "200":
          application/json: {"data": [{"board": 524121, "space": 637804, "parent": {"board": {"defaultValues": {"defaultAttributes": {"status-1": "1", "tag-1": ["1", "2"]}}}, "space": 60568, "parent": 263170, "fields": [{"key": "status-1"}], "subitems": [{"board": 670015, "space": 915005, "parent": {"board": {"defaultValues": {"defaultAttributes": {"status-1": "1", "tag-1": ["1", "2"]}}}, "space": {"boards": [{"defaultValues": {"defaultAttributes": {"status-1": "1", "tag-1": ["1", "2"]}}}]}, "fields": [{"key": "status-1"}]}, "fields": [{"key": "status-1"}]}]}, "fields": [{"key": "status-1"}]}]}
  getItemById:
    speakeasy-default-get-item-by-id:
      parameters:
        path:
          spaceId: 1
          boardId: 1
          itemId: 1
        query:
          expand: ["space"]
      responses:
        "200":
          application/json: {"board": {"defaultValues": {"defaultAttributes": {"status-1": "1", "tag-1": ["1", "2"]}}}, "space": {"boards": [{"defaultValues": {"defaultAttributes": {"status-1": "1", "tag-1": ["1", "2"]}}}]}, "parent": {"board": 157996, "space": 547793, "parent": {"board": {"defaultValues": {"defaultAttributes": {"status-1": "1", "tag-1": ["1", "2"]}}}, "space": 336665, "fields": [{"key": "status-1"}], "subitems": [{"board": {"defaultValues": {"defaultAttributes": {"status-1": "1", "tag-1": ["1", "2"]}}}, "space": 649081, "fields": [{"key": "status-1"}]}]}, "fields": [{"key": "status-1"}]}, "fields": [{"key": "status-1"}]}
  deleteItem:
    speakeasy-default-delete-item:
      parameters:
        path:
          spaceId: 1
          boardId: 1
          itemId: 1
  changeItemAttributeValue:
    speakeasy-default-change-item-attribute-value:
      parameters:
        path:
          spaceId: 1
          boardId: 1
          itemId: 1
          itemFieldKey: "<value>"
      requestBody:
        application/json: {"value": {"value": "To do"}}
      responses:
        "200":
          application/json: {"board": 141478, "space": 264472, "parent": 79929, "fields": [{"key": "status-1"}], "subitems": [{"board": {"defaultValues": {"defaultAttributes": {"status-1": "1", "tag-1": ["1", "2"]}}}, "space": {"boards": [{"defaultValues": {"defaultAttributes": {"status-1": "1", "tag-1": ["1", "2"]}}}]}, "parent": {"board": {"defaultValues": {"defaultAttributes": {"status-1": "1", "tag-1": ["1", "2"]}}}, "space": {"boards": [{"defaultValues": {"defaultAttributes": {"status-1": "1", "tag-1": ["1", "2"]}}}]}, "parent": {"board": 807500, "space": {"boards": [{"defaultValues": {"defaultAttributes": {"status-1": "1", "tag-1": ["1", "2"]}}}]}, "fields": [{"key": "status-1"}]}, "fields": [{"key": "status-1"}]}, "fields": [{"key": "status-1"}]}]}
  changeItemAttributeValues:
    speakeasy-default-change-item-attribute-values:
      parameters:
        path:
          spaceId: 1
          boardId: 1
          itemId: 1
      requestBody:
        application/json: "{\"Status\":\"To do\",\"number-1\":50,\"Description\":\"Updated description\"}"
      responses:
        "200":
          application/json: {"board": {"defaultValues": {"defaultAttributes": {"status-1": "1", "tag-1": ["1", "2"]}}}, "space": {"boards": [{"defaultValues": {"defaultAttributes": {"status-1": "1", "tag-1": ["1", "2"]}}}]}, "parent": 171283, "fields": [{"key": "status-1"}], "subitems": [{"board": 593122, "space": {"boards": [{"defaultValues": {"defaultAttributes": {"status-1": "1", "tag-1": ["1", "2"]}}}]}, "parent": 209715, "fields": [{"key": "status-1"}]}]}
  getCommentsForItem:
    speakeasy-default-get-comments-for-item:
      parameters:
        path:
          spaceId: 1
          boardId: 1
          itemId: 1
      responses:
        "200":
          application/json: [{}]
  createItemComment:
    speakeasy-default-create-item-comment:
      parameters:
        path:
          spaceId: 1
          boardId: 1
          itemId: 1
      requestBody:
        application/json: {"text": "My comment.", "repliesToId": 1}
      responses:
        "200":
          application/json: {}
  updateItemComment:
    speakeasy-default-update-item-comment:
      parameters:
        path:
          spaceId: 1
          boardId: 1
          itemId: 1
          itemCommentId: 1
      requestBody:
        application/json: {"text": "My comment.", "repliesToId": 1}
      responses:
        "200":
          application/json: {}
  deleteItemComment:
    speakeasy-default-delete-item-comment:
      parameters:
        path:
          spaceId: 1
          boardId: 1
          itemId: 1
          itemCommentId: 1
  updateUserReactions:
    speakeasy-default-update-user-reactions:
      parameters:
        path:
          spaceId: 1
          boardId: 1
          itemId: 1
          itemCommentId: 1
      requestBody:
        application/json: {"reactions": []}
      responses:
        "200":
          application/json: {}
examplesVersion: 1.0.2
